// !$*UTF8*$!
{
	archiveVersion = 1;
	classes = {
	};
	objectVersion = 56;
	objects = {

/* Begin PBXBuildFile section */
		9B60D4012B5EA3AB001A5201 /* MobileDevProjectApp.swift in Sources */ = {isa = PBXBuildFile; fileRef = 9B60D4002B5EA3AB001A5201 /* MobileDevProjectApp.swift */; };
		9B60D4032B5EA3AB001A5201 /* ContentView.swift in Sources */ = {isa = PBXBuildFile; fileRef = 9B60D4022B5EA3AB001A5201 /* ContentView.swift */; };
		9B60D4052B5EA3AC001A5201 /* Assets.xcassets in Resources */ = {isa = PBXBuildFile; fileRef = 9B60D4042B5EA3AC001A5201 /* Assets.xcassets */; };
		9B60D4092B5EA3AC001A5201 /* Preview Assets.xcassets in Resources */ = {isa = PBXBuildFile; fileRef = 9B60D4082B5EA3AC001A5201 /* Preview Assets.xcassets */; };
		9B60D4132B5EA3AC001A5201 /* MobileDevProjectTests.swift in Sources */ = {isa = PBXBuildFile; fileRef = 9B60D4122B5EA3AC001A5201 /* MobileDevProjectTests.swift */; };
		9B60D41D2B5EA3AC001A5201 /* MobileDevProjectUITests.swift in Sources */ = {isa = PBXBuildFile; fileRef = 9B60D41C2B5EA3AC001A5201 /* MobileDevProjectUITests.swift */; };
		9B60D41F2B5EA3AC001A5201 /* MobileDevProjectUITestsLaunchTests.swift in Sources */ = {isa = PBXBuildFile; fileRef = 9B60D41E2B5EA3AC001A5201 /* MobileDevProjectUITestsLaunchTests.swift */; };
/* End PBXBuildFile section */

/* Begin PBXContainerItemProxy section */
		9B60D40F2B5EA3AC001A5201 /* PBXContainerItemProxy */ = {
			isa = PBXContainerItemProxy;
			containerPortal = 9B60D3F52B5EA3AB001A5201 /* Project object */;
			proxyType = 1;
			remoteGlobalIDString = 9B60D3FC2B5EA3AB001A5201;
			remoteInfo = MobileDevProject;
		};
		9B60D4192B5EA3AC001A5201 /* PBXContainerItemProxy */ = {
			isa = PBXContainerItemProxy;
			containerPortal = 9B60D3F52B5EA3AB001A5201 /* Project object */;
			proxyType = 1;
			remoteGlobalIDString = 9B60D3FC2B5EA3AB001A5201;
			remoteInfo = MobileDevProject;
		};
/* End PBXContainerItemProxy section */

/* Begin PBXFileReference section */
		9B60D3FD2B5EA3AB001A5201 /* MobileDevProject.app */ = {isa = PBXFileReference; explicitFileType = wrapper.application; includeInIndex = 0; path = MobileDevProject.app; sourceTree = BUILT_PRODUCTS_DIR; };
		9B60D4002B5EA3AB001A5201 /* MobileDevProjectApp.swift */ = {isa = PBXFileReference; lastKnownFileType = sourcecode.swift; path = MobileDevProjectApp.swift; sourceTree = "<group>"; };
		9B60D4022B5EA3AB001A5201 /* ContentView.swift */ = {isa = PBXFileReference; lastKnownFileType = sourcecode.swift; path = ContentView.swift; sourceTree = "<group>"; };
		9B60D4042B5EA3AC001A5201 /* Assets.xcassets */ = {isa = PBXFileReference; lastKnownFileType = folder.assetcatalog; path = Assets.xcassets; sourceTree = "<group>"; };
		9B60D4062B5EA3AC001A5201 /* MobileDevProject.entitlements */ = {isa = PBXFileReference; lastKnownFileType = text.plist.entitlements; path = MobileDevProject.entitlements; sourceTree = "<group>"; };
		9B60D4082B5EA3AC001A5201 /* Preview Assets.xcassets */ = {isa = PBXFileReference; lastKnownFileType = folder.assetcatalog; path = "Preview Assets.xcassets"; sourceTree = "<group>"; };
		9B60D40E2B5EA3AC001A5201 /* MobileDevProjectTests.xctest */ = {isa = PBXFileReference; explicitFileType = wrapper.cfbundle; includeInIndex = 0; path = MobileDevProjectTests.xctest; sourceTree = BUILT_PRODUCTS_DIR; };
		9B60D4122B5EA3AC001A5201 /* MobileDevProjectTests.swift */ = {isa = PBXFileReference; lastKnownFileType = sourcecode.swift; path = MobileDevProjectTests.swift; sourceTree = "<group>"; };
		9B60D4182B5EA3AC001A5201 /* MobileDevProjectUITests.xctest */ = {isa = PBXFileReference; explicitFileType = wrapper.cfbundle; includeInIndex = 0; path = MobileDevProjectUITests.xctest; sourceTree = BUILT_PRODUCTS_DIR; };
		9B60D41C2B5EA3AC001A5201 /* MobileDevProjectUITests.swift */ = {isa = PBXFileReference; lastKnownFileType = sourcecode.swift; path = MobileDevProjectUITests.swift; sourceTree = "<group>"; };
		9B60D41E2B5EA3AC001A5201 /* MobileDevProjectUITestsLaunchTests.swift */ = {isa = PBXFileReference; lastKnownFileType = sourcecode.swift; path = MobileDevProjectUITestsLaunchTests.swift; sourceTree = "<group>"; };
/* End PBXFileReference section */

/* Begin PBXFrameworksBuildPhase section */
		9B60D3FA2B5EA3AB001A5201 /* Frameworks */ = {
			isa = PBXFrameworksBuildPhase;
			buildActionMask = 2147483647;
			files = (
			);
			runOnlyForDeploymentPostprocessing = 0;
		};
		9B60D40B2B5EA3AC001A5201 /* Frameworks */ = {
			isa = PBXFrameworksBuildPhase;
			buildActionMask = 2147483647;
			files = (
			);
			runOnlyForDeploymentPostprocessing = 0;
		};
		9B60D4152B5EA3AC001A5201 /* Frameworks */ = {
			isa = PBXFrameworksBuildPhase;
			buildActionMask = 2147483647;
			files = (
			);
			runOnlyForDeploymentPostprocessing = 0;
		};
/* End PBXFrameworksBuildPhase section */

/* Begin PBXGroup section */
		9B60D3F42B5EA3AB001A5201 = {
			isa = PBXGroup;
			children = (
				9B60D3FF2B5EA3AB001A5201 /* MobileDevProject */,
				9B60D4112B5EA3AC001A5201 /* MobileDevProjectTests */,
				9B60D41B2B5EA3AC001A5201 /* MobileDevProjectUITests */,
				9B60D3FE2B5EA3AB001A5201 /* Products */,
			);
			sourceTree = "<group>";
		};
		9B60D3FE2B5EA3AB001A5201 /* Products */ = {
			isa = PBXGroup;
			children = (
				9B60D3FD2B5EA3AB001A5201 /* MobileDevProject.app */,
				9B60D40E2B5EA3AC001A5201 /* MobileDevProjectTests.xctest */,
				9B60D4182B5EA3AC001A5201 /* MobileDevProjectUITests.xctest */,
			);
			name = Products;
			sourceTree = "<group>";
		};
		9B60D3FF2B5EA3AB001A5201 /* MobileDevProject */ = {
			isa = PBXGroup;
			children = (
				9B60D4002B5EA3AB001A5201 /* MobileDevProjectApp.swift */,
				9B60D4022B5EA3AB001A5201 /* ContentView.swift */,
				9B60D4042B5EA3AC001A5201 /* Assets.xcassets */,
				9B60D4062B5EA3AC001A5201 /* MobileDevProject.entitlements */,
				9B60D4072B5EA3AC001A5201 /* Preview Content */,
			);
			path = MobileDevProject;
			sourceTree = "<group>";
		};
		9B60D4072B5EA3AC001A5201 /* Preview Content */ = {
			isa = PBXGroup;
			children = (
				9B60D4082B5EA3AC001A5201 /* Preview Assets.xcassets */,
			);
			path = "Preview Content";
			sourceTree = "<group>";
		};
		9B60D4112B5EA3AC001A5201 /* MobileDevProjectTests */ = {
			isa = PBXGroup;
			children = (
				9B60D4122B5EA3AC001A5201 /* MobileDevProjectTests.swift */,
			);
			path = MobileDevProjectTests;
			sourceTree = "<group>";
		};
		9B60D41B2B5EA3AC001A5201 /* MobileDevProjectUITests */ = {
			isa = PBXGroup;
			children = (
				9B60D41C2B5EA3AC001A5201 /* MobileDevProjectUITests.swift */,
				9B60D41E2B5EA3AC001A5201 /* MobileDevProjectUITestsLaunchTests.swift */,
			);
			path = MobileDevProjectUITests;
			sourceTree = "<group>";
		};
/* End PBXGroup section */

/* Begin PBXNativeTarget section */
		9B60D3FC2B5EA3AB001A5201 /* MobileDevProject */ = {
			isa = PBXNativeTarget;
			buildConfigurationList = 9B60D4222B5EA3AC001A5201 /* Build configuration list for PBXNativeTarget "MobileDevProject" */;
			buildPhases = (
				9B60D3F92B5EA3AB001A5201 /* Sources */,
				9B60D3FA2B5EA3AB001A5201 /* Frameworks */,
				9B60D3FB2B5EA3AB001A5201 /* Resources */,
			);
			buildRules = (
			);
			dependencies = (
			);
			name = MobileDevProject;
			productName = MobileDevProject;
			productReference = 9B60D3FD2B5EA3AB001A5201 /* MobileDevProject.app */;
			productType = "com.apple.product-type.application";
		};
		9B60D40D2B5EA3AC001A5201 /* MobileDevProjectTests */ = {
			isa = PBXNativeTarget;
			buildConfigurationList = 9B60D4252B5EA3AC001A5201 /* Build configuration list for PBXNativeTarget "MobileDevProjectTests" */;
			buildPhases = (
				9B60D40A2B5EA3AC001A5201 /* Sources */,
				9B60D40B2B5EA3AC001A5201 /* Frameworks */,
				9B60D40C2B5EA3AC001A5201 /* Resources */,
			);
			buildRules = (
			);
			dependencies = (
				9B60D4102B5EA3AC001A5201 /* PBXTargetDependency */,
			);
			name = MobileDevProjectTests;
			productName = MobileDevProjectTests;
			productReference = 9B60D40E2B5EA3AC001A5201 /* MobileDevProjectTests.xctest */;
			productType = "com.apple.product-type.bundle.unit-test";
		};
		9B60D4172B5EA3AC001A5201 /* MobileDevProjectUITests */ = {
			isa = PBXNativeTarget;
			buildConfigurationList = 9B60D4282B5EA3AC001A5201 /* Build configuration list for PBXNativeTarget "MobileDevProjectUITests" */;
			buildPhases = (
				9B60D4142B5EA3AC001A5201 /* Sources */,
				9B60D4152B5EA3AC001A5201 /* Frameworks */,
				9B60D4162B5EA3AC001A5201 /* Resources */,
			);
			buildRules = (
			);
			dependencies = (
				9B60D41A2B5EA3AC001A5201 /* PBXTargetDependency */,
			);
			name = MobileDevProjectUITests;
			productName = MobileDevProjectUITests;
			productReference = 9B60D4182B5EA3AC001A5201 /* MobileDevProjectUITests.xctest */;
			productType = "com.apple.product-type.bundle.ui-testing";
		};
/* End PBXNativeTarget section */

/* Begin PBXProject section */
		9B60D3F52B5EA3AB001A5201 /* Project object */ = {
			isa = PBXProject;
			attributes = {
				BuildIndependentTargetsInParallel = 1;
				LastSwiftUpdateCheck = 1430;
				LastUpgradeCheck = 1430;
				TargetAttributes = {
					9B60D3FC2B5EA3AB001A5201 = {
						CreatedOnToolsVersion = 14.3.1;
					};
					9B60D40D2B5EA3AC001A5201 = {
						CreatedOnToolsVersion = 14.3.1;
						TestTargetID = 9B60D3FC2B5EA3AB001A5201;
					};
					9B60D4172B5EA3AC001A5201 = {
						CreatedOnToolsVersion = 14.3.1;
						TestTargetID = 9B60D3FC2B5EA3AB001A5201;
					};
				};
			};
			buildConfigurationList = 9B60D3F82B5EA3AB001A5201 /* Build configuration list for PBXProject "MobileDevProject" */;
			compatibilityVersion = "Xcode 14.0";
			developmentRegion = en;
			hasScannedForEncodings = 0;
			knownRegions = (
				en,
				Base,
			);
			mainGroup = 9B60D3F42B5EA3AB001A5201;
			productRefGroup = 9B60D3FE2B5EA3AB001A5201 /* Products */;
			projectDirPath = "";
			projectRoot = "";
			targets = (
				9B60D3FC2B5EA3AB001A5201 /* MobileDevProject */,
				9B60D40D2B5EA3AC001A5201 /* MobileDevProjectTests */,
				9B60D4172B5EA3AC001A5201 /* MobileDevProjectUITests */,
			);
		};
/* End PBXProject section */

/* Begin PBXResourcesBuildPhase section */
		9B60D3FB2B5EA3AB001A5201 /* Resources */ = {
			isa = PBXResourcesBuildPhase;
			buildActionMask = 2147483647;
			files = (
				9B60D4092B5EA3AC001A5201 /* Preview Assets.xcassets in Resources */,
				9B60D4052B5EA3AC001A5201 /* Assets.xcassets in Resources */,
			);
			runOnlyForDeploymentPostprocessing = 0;
		};
		9B60D40C2B5EA3AC001A5201 /* Resources */ = {
			isa = PBXResourcesBuildPhase;
			buildActionMask = 2147483647;
			files = (
			);
			runOnlyForDeploymentPostprocessing = 0;
		};
		9B60D4162B5EA3AC001A5201 /* Resources */ = {
			isa = PBXResourcesBuildPhase;
			buildActionMask = 2147483647;
			files = (
			);
			runOnlyForDeploymentPostprocessing = 0;
		};
/* End PBXResourcesBuildPhase section */

/* Begin PBXSourcesBuildPhase section */
		9B60D3F92B5EA3AB001A5201 /* Sources */ = {
			isa = PBXSourcesBuildPhase;
			buildActionMask = 2147483647;
			files = (
				9B60D4032B5EA3AB001A5201 /* ContentView.swift in Sources */,
				9B60D4012B5EA3AB001A5201 /* MobileDevProjectApp.swift in Sources */,
			);
			runOnlyForDeploymentPostprocessing = 0;
		};
		9B60D40A2B5EA3AC001A5201 /* Sources */ = {
			isa = PBXSourcesBuildPhase;
			buildActionMask = 2147483647;
			files = (
				9B60D4132B5EA3AC001A5201 /* MobileDevProjectTests.swift in Sources */,
			);
			runOnlyForDeploymentPostprocessing = 0;
		};
		9B60D4142B5EA3AC001A5201 /* Sources */ = {
			isa = PBXSourcesBuildPhase;
			buildActionMask = 2147483647;
			files = (
				9B60D41F2B5EA3AC001A5201 /* MobileDevProjectUITestsLaunchTests.swift in Sources */,
				9B60D41D2B5EA3AC001A5201 /* MobileDevProjectUITests.swift in Sources */,
			);
			runOnlyForDeploymentPostprocessing = 0;
		};
/* End PBXSourcesBuildPhase section */

/* Begin PBXTargetDependency section */
		9B60D4102B5EA3AC001A5201 /* PBXTargetDependency */ = {
			isa = PBXTargetDependency;
			target = 9B60D3FC2B5EA3AB001A5201 /* MobileDevProject */;
			targetProxy = 9B60D40F2B5EA3AC001A5201 /* PBXContainerItemProxy */;
		};
		9B60D41A2B5EA3AC001A5201 /* PBXTargetDependency */ = {
			isa = PBXTargetDependency;
			target = 9B60D3FC2B5EA3AB001A5201 /* MobileDevProject */;
			targetProxy = 9B60D4192B5EA3AC001A5201 /* PBXContainerItemProxy */;
		};
/* End PBXTargetDependency section */

/* Begin XCBuildConfiguration section */
		9B60D4202B5EA3AC001A5201 /* Debug */ = {
			isa = XCBuildConfiguration;
			buildSettings = {
				ALWAYS_SEARCH_USER_PATHS = NO;
				CLANG_ANALYZER_NONNULL = YES;
				CLANG_ANALYZER_NUMBER_OBJECT_CONVERSION = YES_AGGRESSIVE;
				CLANG_CXX_LANGUAGE_STANDARD = "gnu++20";
				CLANG_ENABLE_MODULES = YES;
				CLANG_ENABLE_OBJC_ARC = YES;
				CLANG_ENABLE_OBJC_WEAK = YES;
				CLANG_WARN_BLOCK_CAPTURE_AUTORELEASING = YES;
				CLANG_WARN_BOOL_CONVERSION = YES;
				CLANG_WARN_COMMA = YES;
				CLANG_WARN_CONSTANT_CONVERSION = YES;
				CLANG_WARN_DEPRECATED_OBJC_IMPLEMENTATIONS = YES;
				CLANG_WARN_DIRECT_OBJC_ISA_USAGE = YES_ERROR;
				CLANG_WARN_DOCUMENTATION_COMMENTS = YES;
				CLANG_WARN_EMPTY_BODY = YES;
				CLANG_WARN_ENUM_CONVERSION = YES;
				CLANG_WARN_INFINITE_RECURSION = YES;
				CLANG_WARN_INT_CONVERSION = YES;
				CLANG_WARN_NON_LITERAL_NULL_CONVERSION = YES;
				CLANG_WARN_OBJC_IMPLICIT_RETAIN_SELF = YES;
				CLANG_WARN_OBJC_LITERAL_CONVERSION = YES;
				CLANG_WARN_OBJC_ROOT_CLASS = YES_ERROR;
				CLANG_WARN_QUOTED_INCLUDE_IN_FRAMEWORK_HEADER = YES;
				CLANG_WARN_RANGE_LOOP_ANALYSIS = YES;
				CLANG_WARN_STRICT_PROTOTYPES = YES;
				CLANG_WARN_SUSPICIOUS_MOVE = YES;
				CLANG_WARN_UNGUARDED_AVAILABILITY = YES_AGGRESSIVE;
				CLANG_WARN_UNREACHABLE_CODE = YES;
				CLANG_WARN__DUPLICATE_METHOD_MATCH = YES;
				COPY_PHASE_STRIP = NO;
				DEBUG_INFORMATION_FORMAT = dwarf;
				ENABLE_STRICT_OBJC_MSGSEND = YES;
				ENABLE_TESTABILITY = YES;
				GCC_C_LANGUAGE_STANDARD = gnu11;
				GCC_DYNAMIC_NO_PIC = NO;
				GCC_NO_COMMON_BLOCKS = YES;
				GCC_OPTIMIZATION_LEVEL = 0;
				GCC_PREPROCESSOR_DEFINITIONS = (
					"DEBUG=1",
					"$(inherited)",
				);
				GCC_WARN_64_TO_32_BIT_CONVERSION = YES;
				GCC_WARN_ABOUT_RETURN_TYPE = YES_ERROR;
				GCC_WARN_UNDECLARED_SELECTOR = YES;
				GCC_WARN_UNINITIALIZED_AUTOS = YES_AGGRESSIVE;
				GCC_WARN_UNUSED_FUNCTION = YES;
				GCC_WARN_UNUSED_VARIABLE = YES;
				MTL_ENABLE_DEBUG_INFO = INCLUDE_SOURCE;
				MTL_FAST_MATH = YES;
				ONLY_ACTIVE_ARCH = YES;
				SWIFT_ACTIVE_COMPILATION_CONDITIONS = DEBUG;
				SWIFT_OPTIMIZATION_LEVEL = "-Onone";
			};
			name = Debug;
		};
		9B60D4212B5EA3AC001A5201 /* Release */ = {
			isa = XCBuildConfiguration;
			buildSettings = {
				ALWAYS_SEARCH_USER_PATHS = NO;
				CLANG_ANALYZER_NONNULL = YES;
				CLANG_ANALYZER_NUMBER_OBJECT_CONVERSION = YES_AGGRESSIVE;
				CLANG_CXX_LANGUAGE_STANDARD = "gnu++20";
				CLANG_ENABLE_MODULES = YES;
				CLANG_ENABLE_OBJC_ARC = YES;
				CLANG_ENABLE_OBJC_WEAK = YES;
				CLANG_WARN_BLOCK_CAPTURE_AUTORELEASING = YES;
				CLANG_WARN_BOOL_CONVERSION = YES;
				CLANG_WARN_COMMA = YES;
				CLANG_WARN_CONSTANT_CONVERSION = YES;
				CLANG_WARN_DEPRECATED_OBJC_IMPLEMENTATIONS = YES;
				CLANG_WARN_DIRECT_OBJC_ISA_USAGE = YES_ERROR;
				CLANG_WARN_DOCUMENTATION_COMMENTS = YES;
				CLANG_WARN_EMPTY_BODY = YES;
				CLANG_WARN_ENUM_CONVERSION = YES;
				CLANG_WARN_INFINITE_RECURSION = YES;
				CLANG_WARN_INT_CONVERSION = YES;
				CLANG_WARN_NON_LITERAL_NULL_CONVERSION = YES;
				CLANG_WARN_OBJC_IMPLICIT_RETAIN_SELF = YES;
				CLANG_WARN_OBJC_LITERAL_CONVERSION = YES;
				CLANG_WARN_OBJC_ROOT_CLASS = YES_ERROR;
				CLANG_WARN_QUOTED_INCLUDE_IN_FRAMEWORK_HEADER = YES;
				CLANG_WARN_RANGE_LOOP_ANALYSIS = YES;
				CLANG_WARN_STRICT_PROTOTYPES = YES;
				CLANG_WARN_SUSPICIOUS_MOVE = YES;
				CLANG_WARN_UNGUARDED_AVAILABILITY = YES_AGGRESSIVE;
				CLANG_WARN_UNREACHABLE_CODE = YES;
				CLANG_WARN__DUPLICATE_METHOD_MATCH = YES;
				COPY_PHASE_STRIP = NO;
				DEBUG_INFORMATION_FORMAT = "dwarf-with-dsym";
				ENABLE_NS_ASSERTIONS = NO;
				ENABLE_STRICT_OBJC_MSGSEND = YES;
				GCC_C_LANGUAGE_STANDARD = gnu11;
				GCC_NO_COMMON_BLOCKS = YES;
				GCC_WARN_64_TO_32_BIT_CONVERSION = YES;
				GCC_WARN_ABOUT_RETURN_TYPE = YES_ERROR;
				GCC_WARN_UNDECLARED_SELECTOR = YES;
				GCC_WARN_UNINITIALIZED_AUTOS = YES_AGGRESSIVE;
				GCC_WARN_UNUSED_FUNCTION = YES;
				GCC_WARN_UNUSED_VARIABLE = YES;
				MTL_ENABLE_DEBUG_INFO = NO;
				MTL_FAST_MATH = YES;
				SWIFT_COMPILATION_MODE = wholemodule;
				SWIFT_OPTIMIZATION_LEVEL = "-O";
			};
			name = Release;
		};
		9B60D4232B5EA3AC001A5201 /* Debug */ = {
			isa = XCBuildConfiguration;
			buildSettings = {
				ASSETCATALOG_COMPILER_APPICON_NAME = AppIcon;
				ASSETCATALOG_COMPILER_GLOBAL_ACCENT_COLOR_NAME = AccentColor;
				CODE_SIGN_ENTITLEMENTS = MobileDevProject/MobileDevProject.entitlements;
				CODE_SIGN_STYLE = Automatic;
				CURRENT_PROJECT_VERSION = 1;
				DEVELOPMENT_ASSET_PATHS = "\"MobileDevProject/Preview Content\"";
				ENABLE_PREVIEWS = YES;
				GENERATE_INFOPLIST_FILE = YES;
				"INFOPLIST_KEY_UIApplicationSceneManifest_Generation[sdk=iphoneos*]" = YES;
				"INFOPLIST_KEY_UIApplicationSceneManifest_Generation[sdk=iphonesimulator*]" = YES;
				"INFOPLIST_KEY_UIApplicationSupportsIndirectInputEvents[sdk=iphoneos*]" = YES;
				"INFOPLIST_KEY_UIApplicationSupportsIndirectInputEvents[sdk=iphonesimulator*]" = YES;
				"INFOPLIST_KEY_UILaunchScreen_Generation[sdk=iphoneos*]" = YES;
				"INFOPLIST_KEY_UILaunchScreen_Generation[sdk=iphonesimulator*]" = YES;
				"INFOPLIST_KEY_UIStatusBarStyle[sdk=iphoneos*]" = UIStatusBarStyleDefault;
				"INFOPLIST_KEY_UIStatusBarStyle[sdk=iphonesimulator*]" = UIStatusBarStyleDefault;
				INFOPLIST_KEY_UISupportedInterfaceOrientations_iPad = "UIInterfaceOrientationPortrait UIInterfaceOrientationPortraitUpsideDown UIInterfaceOrientationLandscapeLeft UIInterfaceOrientationLandscapeRight";
				INFOPLIST_KEY_UISupportedInterfaceOrientations_iPhone = "UIInterfaceOrientationPortrait UIInterfaceOrientationLandscapeLeft UIInterfaceOrientationLandscapeRight";
				IPHONEOS_DEPLOYMENT_TARGET = 16.4;
				LD_RUNPATH_SEARCH_PATHS = "@executable_path/Frameworks";
				"LD_RUNPATH_SEARCH_PATHS[sdk=macosx*]" = "@executable_path/../Frameworks";
				MACOSX_DEPLOYMENT_TARGET = 13.3;
				MARKETING_VERSION = 1.0;
				PRODUCT_BUNDLE_IDENTIFIER = Efrei.MobileDevProject;
				PRODUCT_NAME = "$(TARGET_NAME)";
				SDKROOT = auto;
				SUPPORTED_PLATFORMS = "iphoneos iphonesimulator macosx";
				SWIFT_EMIT_LOC_STRINGS = YES;
				SWIFT_VERSION = 5.0;
				TARGETED_DEVICE_FAMILY = "1,2";
			};
			name = Debug;
		};
		9B60D4242B5EA3AC001A5201 /* Release */ = {
			isa = XCBuildConfiguration;
			buildSettings = {
				ASSETCATALOG_COMPILER_APPICON_NAME = AppIcon;
				ASSETCATALOG_COMPILER_GLOBAL_ACCENT_COLOR_NAME = AccentColor;
				CODE_SIGN_ENTITLEMENTS = MobileDevProject/MobileDevProject.entitlements;
				CODE_SIGN_STYLE = Automatic;
				CURRENT_PROJECT_VERSION = 1;
				DEVELOPMENT_ASSET_PATHS = "\"MobileDevProject/Preview Content\"";
				ENABLE_PREVIEWS = YES;
				GENERATE_INFOPLIST_FILE = YES;
				"INFOPLIST_KEY_UIApplicationSceneManifest_Generation[sdk=iphoneos*]" = YES;
				"INFOPLIST_KEY_UIApplicationSceneManifest_Generation[sdk=iphonesimulator*]" = YES;
				"INFOPLIST_KEY_UIApplicationSupportsIndirectInputEvents[sdk=iphoneos*]" = YES;
				"INFOPLIST_KEY_UIApplicationSupportsIndirectInputEvents[sdk=iphonesimulator*]" = YES;
				"INFOPLIST_KEY_UILaunchScreen_Generation[sdk=iphoneos*]" = YES;
				"INFOPLIST_KEY_UILaunchScreen_Generation[sdk=iphonesimulator*]" = YES;
				"INFOPLIST_KEY_UIStatusBarStyle[sdk=iphoneos*]" = UIStatusBarStyleDefault;
				"INFOPLIST_KEY_UIStatusBarStyle[sdk=iphonesimulator*]" = UIStatusBarStyleDefault;
				INFOPLIST_KEY_UISupportedInterfaceOrientations_iPad = "UIInterfaceOrientationPortrait UIInterfaceOrientationPortraitUpsideDown UIInterfaceOrientationLandscapeLeft UIInterfaceOrientationLandscapeRight";
				INFOPLIST_KEY_UISupportedInterfaceOrientations_iPhone = "UIInterfaceOrientationPortrait UIInterfaceOrientationLandscapeLeft UIInterfaceOrientationLandscapeRight";
				IPHONEOS_DEPLOYMENT_TARGET = 16.4;
				LD_RUNPATH_SEARCH_PATHS = "@executable_path/Frameworks";
				"LD_RUNPATH_SEARCH_PATHS[sdk=macosx*]" = "@executable_path/../Frameworks";
				MACOSX_DEPLOYMENT_TARGET = 13.3;
				MARKETING_VERSION = 1.0;
				PRODUCT_BUNDLE_IDENTIFIER = Efrei.MobileDevProject;
				PRODUCT_NAME = "$(TARGET_NAME)";
				SDKROOT = auto;
				SUPPORTED_PLATFORMS = "iphoneos iphonesimulator macosx";
				SWIFT_EMIT_LOC_STRINGS = YES;
				SWIFT_VERSION = 5.0;
				TARGETED_DEVICE_FAMILY = "1,2";
			};
			name = Release;
		};
		9B60D4262B5EA3AC001A5201 /* Debug */ = {
			isa = XCBuildConfiguration;
			buildSettings = {
				ALWAYS_EMBED_SWIFT_STANDARD_LIBRARIES = YES;
				BUNDLE_LOADER = "$(TEST_HOST)";
				CODE_SIGN_STYLE = Automatic;
				CURRENT_PROJECT_VERSION = 1;
				GENERATE_INFOPLIST_FILE = YES;
				IPHONEOS_DEPLOYMENT_TARGET = 16.4;
				MACOSX_DEPLOYMENT_TARGET = 13.3;
				MARKETING_VERSION = 1.0;
				PRODUCT_BUNDLE_IDENTIFIER = Efrei.MobileDevProjectTests;
				PRODUCT_NAME = "$(TARGET_NAME)";
				SDKROOT = auto;
				SUPPORTED_PLATFORMS = "iphoneos iphonesimulator macosx";
				SWIFT_EMIT_LOC_STRINGS = NO;
				SWIFT_VERSION = 5.0;
				TARGETED_DEVICE_FAMILY = "1,2";
				TEST_HOST = "$(BUILT_PRODUCTS_DIR)/MobileDevProject.app/$(BUNDLE_EXECUTABLE_FOLDER_PATH)/MobileDevProject";
			};
			name = Debug;
		};
		9B60D4272B5EA3AC001A5201 /* Release */ = {
			isa = XCBuildConfiguration;
			buildSettings = {
				ALWAYS_EMBED_SWIFT_STANDARD_LIBRARIES = YES;
				BUNDLE_LOADER = "$(TEST_HOST)";
				CODE_SIGN_STYLE = Automatic;
				CURRENT_PROJECT_VERSION = 1;
				GENERATE_INFOPLIST_FILE = YES;
				IPHONEOS_DEPLOYMENT_TARGET = 16.4;
				MACOSX_DEPLOYMENT_TARGET = 13.3;
				MARKETING_VERSION = 1.0;
				PRODUCT_BUNDLE_IDENTIFIER = Efrei.MobileDevProjectTests;
				PRODUCT_NAME = "$(TARGET_NAME)";
				SDKROOT = auto;
				SUPPORTED_PLATFORMS = "iphoneos iphonesimulator macosx";
				SWIFT_EMIT_LOC_STRINGS = NO;
				SWIFT_VERSION = 5.0;
				TARGETED_DEVICE_FAMILY = "1,2";
				TEST_HOST = "$(BUILT_PRODUCTS_DIR)/MobileDevProject.app/$(BUNDLE_EXECUTABLE_FOLDER_PATH)/MobileDevProject";
			};
			name = Release;
		};
		9B60D4292B5EA3AC001A5201 /* Debug */ = {
			isa = XCBuildConfiguration;
			buildSettings = {
				ALWAYS_EMBED_SWIFT_STANDARD_LIBRARIES = YES;
				CODE_SIGN_STYLE = Automatic;
				CURRENT_PROJECT_VERSION = 1;
				GENERATE_INFOPLIST_FILE = YES;
				IPHONEOS_DEPLOYMENT_TARGET = 16.4;
				MACOSX_DEPLOYMENT_TARGET = 13.3;
				MARKETING_VERSION = 1.0;
				PRODUCT_BUNDLE_IDENTIFIER = Efrei.MobileDevProjectUITests;
				PRODUCT_NAME = "$(TARGET_NAME)";
				SDKROOT = auto;
				SUPPORTED_PLATFORMS = "iphoneos iphonesimulator macosx";
				SWIFT_EMIT_LOC_STRINGS = NO;
				SWIFT_VERSION = 5.0;
				TARGETED_DEVICE_FAMILY = "1,2";
				TEST_TARGET_NAME = MobileDevProject;
			};
			name = Debug;
		};
		9B60D42A2B5EA3AC001A5201 /* Release */ = {
			isa = XCBuildConfiguration;
			buildSettings = {
				ALWAYS_EMBED_SWIFT_STANDARD_LIBRARIES = YES;
				CODE_SIGN_STYLE = Automatic;
				CURRENT_PROJECT_VERSION = 1;
				GENERATE_INFOPLIST_FILE = YES;
				IPHONEOS_DEPLOYMENT_TARGET = 16.4;
				MACOSX_DEPLOYMENT_TARGET = 13.3;
				MARKETING_VERSION = 1.0;
				PRODUCT_BUNDLE_IDENTIFIER = Efrei.MobileDevProjectUITests;
				PRODUCT_NAME = "$(TARGET_NAME)";
				SDKROOT = auto;
				SUPPORTED_PLATFORMS = "iphoneos iphonesimulator macosx";
				SWIFT_EMIT_LOC_STRINGS = NO;
				SWIFT_VERSION = 5.0;
				TARGETED_DEVICE_FAMILY = "1,2";
				TEST_TARGET_NAME = MobileDevProject;
			};
			name = Release;
		};
/* End XCBuildConfiguration section */

/* Begin XCConfigurationList section */
		9B60D3F82B5EA3AB001A5201 /* Build configuration list for PBXProject "MobileDevProject" */ = {
			isa = XCConfigurationList;
			buildConfigurations = (
				9B60D4202B5EA3AC001A5201 /* Debug */,
				9B60D4212B5EA3AC001A5201 /* Release */,
			);
			defaultConfigurationIsVisible = 0;
			defaultConfigurationName = Release;
		};
		9B60D4222B5EA3AC001A5201 /* Build configuration list for PBXNativeTarget "MobileDevProject" */ = {
			isa = XCConfigurationList;
			buildConfigurations = (
				9B60D4232B5EA3AC001A5201 /* Debug */,
				9B60D4242B5EA3AC001A5201 /* Release */,
			);
			defaultConfigurationIsVisible = 0;
			defaultConfigurationName = Release;
		};
		9B60D4252B5EA3AC001A5201 /* Build configuration list for PBXNativeTarget "MobileDevProjectTests" */ = {
			isa = XCConfigurationList;
			buildConfigurations = (
				9B60D4262B5EA3AC001A5201 /* Debug */,
				9B60D4272B5EA3AC001A5201 /* Release */,
			);
			defaultConfigurationIsVisible = 0;
			defaultConfigurationName = Release;
		};
		9B60D4282B5EA3AC001A5201 /* Build configuration list for PBXNativeTarget "MobileDevProjectUITests" */ = {
			isa = XCConfigurationList;
			buildConfigurations = (
				9B60D4292B5EA3AC001A5201 /* Debug */,
				9B60D42A2B5EA3AC001A5201 /* Release */,
			);
			defaultConfigurationIsVisible = 0;
			defaultConfigurationName = Release;
		};
/* End XCConfigurationList section */
	};
	rootObject = 9B60D3F52B5EA3AB001A5201 /* Project object */;
}
